
Microsoft Visual Studio Solution File, Format Version 12.00
# Visual Studio Version 17
VisualStudioVersion = 17.8.34330.188
MinimumVisualStudioVersion = 10.0.40219.1
Project("{8BC9CEB8-8B4A-11D0-8D11-00A0C91BC942}") = "StringContains0103", "StringContains0103\StringContains0103.vcxproj", "{F8E294E0-4C24-4F6C-96DB-E911CFD53ACC}"
EndProject
Project("{2150E333-8FDC-42A3-9474-1A3956D46DE8}") = "assignment", "assignment", "{D220C841-9A8A-4B72-AD47-45661CEF0991}"
EndProject
Project("{2150E333-8FDC-42A3-9474-1A3956D46DE8}") = "ConsoleEngine", "ConsoleEngine", "{814A0F85-7D8E-4E25-BA3A-4E4E3FEF3397}"
EndProject
Project("{8BC9CEB8-8B4A-11D0-8D11-00A0C91BC942}") = "ConsoleEngine", "ConsoleEngine\ConsoleEngine.vcxproj", "{7BFC4380-26D0-4AFA-92CB-8481EFF311A8}"
EndProject
Project("{2150E333-8FDC-42A3-9474-1A3956D46DE8}") = "Game", "Game", "{6B227E2F-0F78-4F6B-BF16-119A64447D44}"
EndProject
Project("{8BC9CEB8-8B4A-11D0-8D11-00A0C91BC942}") = "Galaga", "Galaga\Galaga.vcxproj", "{9C0E8032-F442-4E79-A9BC-B75585015394}"
	ProjectSection(ProjectDependencies) = postProject
		{7BFC4380-26D0-4AFA-92CB-8481EFF311A8} = {7BFC4380-26D0-4AFA-92CB-8481EFF311A8}
	EndProjectSection
EndProject
Project("{2150E333-8FDC-42A3-9474-1A3956D46DE8}") = "RealTest", "RealTest", "{B23D1533-CF30-49FE-8486-5ED638BB258A}"
EndProject
Project("{8BC9CEB8-8B4A-11D0-8D11-00A0C91BC942}") = "240109_ArrayResize", "240109_ArrayResize\240109_ArrayResize.vcxproj", "{DB48F5EF-B17A-42EA-9231-00DADA45AE28}"
EndProject
Project("{8BC9CEB8-8B4A-11D0-8D11-00A0C91BC942}") = "240111_RList", "240111_RList\240111_RList.vcxproj", "{B08FCDC1-4F95-4096-A873-0AA58F67DB60}"
EndProject
Project("{8BC9CEB8-8B4A-11D0-8D11-00A0C91BC942}") = "SnakeGame", "SnakeGame\SnakeGame.vcxproj", "{875161CD-E6AD-4BA5-9BD3-5FF1B9A0DFD9}"
EndProject
Global
	GlobalSection(SolutionConfigurationPlatforms) = preSolution
		Debug|x64 = Debug|x64
		Debug|x86 = Debug|x86
		Release|x64 = Release|x64
		Release|x86 = Release|x86
	EndGlobalSection
	GlobalSection(ProjectConfigurationPlatforms) = postSolution
		{F8E294E0-4C24-4F6C-96DB-E911CFD53ACC}.Debug|x64.ActiveCfg = Debug|x64
		{F8E294E0-4C24-4F6C-96DB-E911CFD53ACC}.Debug|x64.Build.0 = Debug|x64
		{F8E294E0-4C24-4F6C-96DB-E911CFD53ACC}.Debug|x86.ActiveCfg = Debug|Win32
		{F8E294E0-4C24-4F6C-96DB-E911CFD53ACC}.Debug|x86.Build.0 = Debug|Win32
		{F8E294E0-4C24-4F6C-96DB-E911CFD53ACC}.Release|x64.ActiveCfg = Release|x64
		{F8E294E0-4C24-4F6C-96DB-E911CFD53ACC}.Release|x64.Build.0 = Release|x64
		{F8E294E0-4C24-4F6C-96DB-E911CFD53ACC}.Release|x86.ActiveCfg = Release|Win32
		{F8E294E0-4C24-4F6C-96DB-E911CFD53ACC}.Release|x86.Build.0 = Release|Win32
		{7BFC4380-26D0-4AFA-92CB-8481EFF311A8}.Debug|x64.ActiveCfg = Debug|x64
		{7BFC4380-26D0-4AFA-92CB-8481EFF311A8}.Debug|x64.Build.0 = Debug|x64
		{7BFC4380-26D0-4AFA-92CB-8481EFF311A8}.Debug|x86.ActiveCfg = Debug|Win32
		{7BFC4380-26D0-4AFA-92CB-8481EFF311A8}.Debug|x86.Build.0 = Debug|Win32
		{7BFC4380-26D0-4AFA-92CB-8481EFF311A8}.Release|x64.ActiveCfg = Release|x64
		{7BFC4380-26D0-4AFA-92CB-8481EFF311A8}.Release|x64.Build.0 = Release|x64
		{7BFC4380-26D0-4AFA-92CB-8481EFF311A8}.Release|x86.ActiveCfg = Release|Win32
		{7BFC4380-26D0-4AFA-92CB-8481EFF311A8}.Release|x86.Build.0 = Release|Win32
		{9C0E8032-F442-4E79-A9BC-B75585015394}.Debug|x64.ActiveCfg = Debug|x64
		{9C0E8032-F442-4E79-A9BC-B75585015394}.Debug|x64.Build.0 = Debug|x64
		{9C0E8032-F442-4E79-A9BC-B75585015394}.Debug|x86.ActiveCfg = Debug|Win32
		{9C0E8032-F442-4E79-A9BC-B75585015394}.Debug|x86.Build.0 = Debug|Win32
		{9C0E8032-F442-4E79-A9BC-B75585015394}.Release|x64.ActiveCfg = Release|x64
		{9C0E8032-F442-4E79-A9BC-B75585015394}.Release|x64.Build.0 = Release|x64
		{9C0E8032-F442-4E79-A9BC-B75585015394}.Release|x86.ActiveCfg = Release|Win32
		{9C0E8032-F442-4E79-A9BC-B75585015394}.Release|x86.Build.0 = Release|Win32
		{DB48F5EF-B17A-42EA-9231-00DADA45AE28}.Debug|x64.ActiveCfg = Debug|x64
		{DB48F5EF-B17A-42EA-9231-00DADA45AE28}.Debug|x64.Build.0 = Debug|x64
		{DB48F5EF-B17A-42EA-9231-00DADA45AE28}.Debug|x86.ActiveCfg = Debug|Win32
		{DB48F5EF-B17A-42EA-9231-00DADA45AE28}.Debug|x86.Build.0 = Debug|Win32
		{DB48F5EF-B17A-42EA-9231-00DADA45AE28}.Release|x64.ActiveCfg = Release|x64
		{DB48F5EF-B17A-42EA-9231-00DADA45AE28}.Release|x64.Build.0 = Release|x64
		{DB48F5EF-B17A-42EA-9231-00DADA45AE28}.Release|x86.ActiveCfg = Release|Win32
		{DB48F5EF-B17A-42EA-9231-00DADA45AE28}.Release|x86.Build.0 = Release|Win32
		{B08FCDC1-4F95-4096-A873-0AA58F67DB60}.Debug|x64.ActiveCfg = Debug|x64
		{B08FCDC1-4F95-4096-A873-0AA58F67DB60}.Debug|x64.Build.0 = Debug|x64
		{B08FCDC1-4F95-4096-A873-0AA58F67DB60}.Debug|x86.ActiveCfg = Debug|Win32
		{B08FCDC1-4F95-4096-A873-0AA58F67DB60}.Debug|x86.Build.0 = Debug|Win32
		{B08FCDC1-4F95-4096-A873-0AA58F67DB60}.Release|x64.ActiveCfg = Release|x64
		{B08FCDC1-4F95-4096-A873-0AA58F67DB60}.Release|x64.Build.0 = Release|x64
		{B08FCDC1-4F95-4096-A873-0AA58F67DB60}.Release|x86.ActiveCfg = Release|Win32
		{B08FCDC1-4F95-4096-A873-0AA58F67DB60}.Release|x86.Build.0 = Release|Win32
		{875161CD-E6AD-4BA5-9BD3-5FF1B9A0DFD9}.Debug|x64.ActiveCfg = Debug|x64
		{875161CD-E6AD-4BA5-9BD3-5FF1B9A0DFD9}.Debug|x64.Build.0 = Debug|x64
		{875161CD-E6AD-4BA5-9BD3-5FF1B9A0DFD9}.Debug|x86.ActiveCfg = Debug|Win32
		{875161CD-E6AD-4BA5-9BD3-5FF1B9A0DFD9}.Debug|x86.Build.0 = Debug|Win32
		{875161CD-E6AD-4BA5-9BD3-5FF1B9A0DFD9}.Release|x64.ActiveCfg = Release|x64
		{875161CD-E6AD-4BA5-9BD3-5FF1B9A0DFD9}.Release|x64.Build.0 = Release|x64
		{875161CD-E6AD-4BA5-9BD3-5FF1B9A0DFD9}.Release|x86.ActiveCfg = Release|Win32
		{875161CD-E6AD-4BA5-9BD3-5FF1B9A0DFD9}.Release|x86.Build.0 = Release|Win32
	EndGlobalSection
	GlobalSection(SolutionProperties) = preSolution
		HideSolutionNode = FALSE
	EndGlobalSection
	GlobalSection(NestedProjects) = preSolution
		{F8E294E0-4C24-4F6C-96DB-E911CFD53ACC} = {D220C841-9A8A-4B72-AD47-45661CEF0991}
		{7BFC4380-26D0-4AFA-92CB-8481EFF311A8} = {814A0F85-7D8E-4E25-BA3A-4E4E3FEF3397}
		{9C0E8032-F442-4E79-A9BC-B75585015394} = {6B227E2F-0F78-4F6B-BF16-119A64447D44}
		{DB48F5EF-B17A-42EA-9231-00DADA45AE28} = {B23D1533-CF30-49FE-8486-5ED638BB258A}
		{B08FCDC1-4F95-4096-A873-0AA58F67DB60} = {B23D1533-CF30-49FE-8486-5ED638BB258A}
		{875161CD-E6AD-4BA5-9BD3-5FF1B9A0DFD9} = {6B227E2F-0F78-4F6B-BF16-119A64447D44}
	EndGlobalSection
	GlobalSection(ExtensibilityGlobals) = postSolution
		SolutionGuid = {2650A01D-7F67-4F60-8179-435D59A1FE19}
	EndGlobalSection
EndGlobal
